
Microsoft Visual Studio Solution File, Format Version 12.00
# Visual Studio Version 16
VisualStudioVersion = 16.0.32228.343
MinimumVisualStudioVersion = 10.0.40219.1
Project("{FAE04EC0-301F-11D3-BF4B-00C04F79EFBC}") = "SevvalImre_Proje", "SevvalImre_Proje.csproj", "{67B97C33-827A-4232-B42A-856CAE3AE35D}"
EndProject
Global
	GlobalSection(SolutionConfigurationPlatforms) = preSolution
		Debug|Any CPU = Debug|Any CPU
		Release|Any CPU = Release|Any CPU
	EndGlobalSection
	GlobalSection(ProjectConfigurationPlatforms) = postSolution
		{67B97C33-827A-4232-B42A-856CAE3AE35D}.Debug|Any CPU.ActiveCfg = Debug|Any CPU
		{67B97C33-827A-4232-B42A-856CAE3AE35D}.Debug|Any CPU.Build.0 = Debug|Any CPU
		{67B97C33-827A-4232-B42A-856CAE3AE35D}.Release|Any CPU.ActiveCfg = Release|Any CPU
		{67B97C33-827A-4232-B42A-856CAE3AE35D}.Release|Any CPU.Build.0 = Release|Any CPU
	EndGlobalSection
	GlobalSection(SolutionProperties) = preSolution
		HideSolutionNode = FALSE
	EndGlobalSection
	GlobalSection(ExtensibilityGlobals) = postSolution
		SolutionGuid = {1AD53195-D511-45DF-8A1C-E32ED3DCDF16}
	EndGlobalSection
EndGlobal
